
Microsoft Visual Studio Solution File, Format Version 12.00
# Visual Studio Version 17
VisualStudioVersion = 17.9.34728.123
MinimumVisualStudioVersion = 10.0.40219.1
Project("{FAE04EC0-301F-11D3-BF4B-00C04F79EFBC}") = "NoBloHandler.Core", "NoBloHandler.Core\NoBloHandler.Core.csproj", "{3F5E1D34-E007-4AD7-99C8-F2FC821166A0}"
EndProject
Project("{FAE04EC0-301F-11D3-BF4B-00C04F79EFBC}") = "NoBloHandler.Example", "NoBloHandler.Example\NoBloHandler.Example.csproj", "{6396FB0A-6C8C-45DA-8C8A-A9EB6D0B99FC}"
EndProject
Project("{FAE04EC0-301F-11D3-BF4B-00C04F79EFBC}") = "NoBloHandler.Example.BussinessLayer", "NoBloHandler.Example.BussinessLayer\NoBloHandler.Example.BussinessLayer.csproj", "{8FA43663-3B68-44CC-82B2-354ED31CFF74}"
EndProject
Project("{FAE04EC0-301F-11D3-BF4B-00C04F79EFBC}") = "NoBloHandler.Example.DomainLayer", "NoBloHandler.Example.DomainLayer\NoBloHandler.Example.DomainLayer.csproj", "{41B42525-3785-46CE-BA93-348E4E63C607}"
EndProject
Project("{FAE04EC0-301F-11D3-BF4B-00C04F79EFBC}") = "NoBloHandler.Core.Abstractions", "NoBloHandler.Core.Abstractions\NoBloHandler.Core.Abstractions.csproj", "{92F5A3A4-901D-4F6E-BB35-24CC2395CD2B}"
EndProject
Global
	GlobalSection(SolutionConfigurationPlatforms) = preSolution
		Debug|Any CPU = Debug|Any CPU
		Release|Any CPU = Release|Any CPU
	EndGlobalSection
	GlobalSection(ProjectConfigurationPlatforms) = postSolution
		{3F5E1D34-E007-4AD7-99C8-F2FC821166A0}.Debug|Any CPU.ActiveCfg = Debug|Any CPU
		{3F5E1D34-E007-4AD7-99C8-F2FC821166A0}.Debug|Any CPU.Build.0 = Debug|Any CPU
		{3F5E1D34-E007-4AD7-99C8-F2FC821166A0}.Release|Any CPU.ActiveCfg = Release|Any CPU
		{3F5E1D34-E007-4AD7-99C8-F2FC821166A0}.Release|Any CPU.Build.0 = Release|Any CPU
		{6396FB0A-6C8C-45DA-8C8A-A9EB6D0B99FC}.Debug|Any CPU.ActiveCfg = Debug|Any CPU
		{6396FB0A-6C8C-45DA-8C8A-A9EB6D0B99FC}.Debug|Any CPU.Build.0 = Debug|Any CPU
		{6396FB0A-6C8C-45DA-8C8A-A9EB6D0B99FC}.Release|Any CPU.ActiveCfg = Release|Any CPU
		{6396FB0A-6C8C-45DA-8C8A-A9EB6D0B99FC}.Release|Any CPU.Build.0 = Release|Any CPU
		{8FA43663-3B68-44CC-82B2-354ED31CFF74}.Debug|Any CPU.ActiveCfg = Debug|Any CPU
		{8FA43663-3B68-44CC-82B2-354ED31CFF74}.Debug|Any CPU.Build.0 = Debug|Any CPU
		{8FA43663-3B68-44CC-82B2-354ED31CFF74}.Release|Any CPU.ActiveCfg = Release|Any CPU
		{8FA43663-3B68-44CC-82B2-354ED31CFF74}.Release|Any CPU.Build.0 = Release|Any CPU
		{41B42525-3785-46CE-BA93-348E4E63C607}.Debug|Any CPU.ActiveCfg = Debug|Any CPU
		{41B42525-3785-46CE-BA93-348E4E63C607}.Debug|Any CPU.Build.0 = Debug|Any CPU
		{41B42525-3785-46CE-BA93-348E4E63C607}.Release|Any CPU.ActiveCfg = Release|Any CPU
		{41B42525-3785-46CE-BA93-348E4E63C607}.Release|Any CPU.Build.0 = Release|Any CPU
		{92F5A3A4-901D-4F6E-BB35-24CC2395CD2B}.Debug|Any CPU.ActiveCfg = Debug|Any CPU
		{92F5A3A4-901D-4F6E-BB35-24CC2395CD2B}.Debug|Any CPU.Build.0 = Debug|Any CPU
		{92F5A3A4-901D-4F6E-BB35-24CC2395CD2B}.Release|Any CPU.ActiveCfg = Release|Any CPU
		{92F5A3A4-901D-4F6E-BB35-24CC2395CD2B}.Release|Any CPU.Build.0 = Release|Any CPU
	EndGlobalSection
	GlobalSection(SolutionProperties) = preSolution
		HideSolutionNode = FALSE
	EndGlobalSection
	GlobalSection(ExtensibilityGlobals) = postSolution
		SolutionGuid = {BC50A310-1E94-4D59-B05B-F3CDF57B7660}
	EndGlobalSection
EndGlobal
